dependencies:
- name: postgresql
  repository: oci://registry.relizahub.com/library
  version: 0.1.0
- name: harbor
  repository: https://helm.goharbor.io
  version: 1.16.1
digest: sha256:35b0c2eab19f26edbd28ef0e08d248df474ed371444e80563dfa4db7073d396d
generated: "2025-10-09T22:48:21.622022748+05:30"
